
Microsoft Visual Studio Solution File, Format Version 12.00
# Visual Studio Version 17
VisualStudioVersion = 17.5.2.0
MinimumVisualStudioVersion = 10.0.40219.1
Project("{FAE04EC0-301F-11D3-BF4B-00C04F79EFBC}") = "LocalAuthService.Tests", "LocalAuthService.Tests\LocalAuthService.Tests.csproj", "{BD357BA7-599A-442C-A3A1-AB974488BF24}"
EndProject
Project("{2150E333-8FDC-42A3-9474-1A3956D46DE8}") = "src", "src", "{827E0CD3-B72D-47B6-A68D-7590B98EB39B}"
EndProject
Project("{FAE04EC0-301F-11D3-BF4B-00C04F79EFBC}") = "LocalAuthService", "src\LocalAuthService\LocalAuthService.csproj", "{1458277B-6BA8-4E75-B224-CDABFAAB110A}"
EndProject
Global
	GlobalSection(SolutionConfigurationPlatforms) = preSolution
		Debug|Any CPU = Debug|Any CPU
		Debug|x64 = Debug|x64
		Debug|x86 = Debug|x86
		Release|Any CPU = Release|Any CPU
		Release|x64 = Release|x64
		Release|x86 = Release|x86
	EndGlobalSection
	GlobalSection(ProjectConfigurationPlatforms) = postSolution
		{BD357BA7-599A-442C-A3A1-AB974488BF24}.Debug|Any CPU.ActiveCfg = Debug|Any CPU
		{BD357BA7-599A-442C-A3A1-AB974488BF24}.Debug|Any CPU.Build.0 = Debug|Any CPU
		{BD357BA7-599A-442C-A3A1-AB974488BF24}.Debug|x64.ActiveCfg = Debug|Any CPU
		{BD357BA7-599A-442C-A3A1-AB974488BF24}.Debug|x64.Build.0 = Debug|Any CPU
		{BD357BA7-599A-442C-A3A1-AB974488BF24}.Debug|x86.ActiveCfg = Debug|Any CPU
		{BD357BA7-599A-442C-A3A1-AB974488BF24}.Debug|x86.Build.0 = Debug|Any CPU
		{BD357BA7-599A-442C-A3A1-AB974488BF24}.Release|Any CPU.ActiveCfg = Release|Any CPU
		{BD357BA7-599A-442C-A3A1-AB974488BF24}.Release|Any CPU.Build.0 = Release|Any CPU
		{BD357BA7-599A-442C-A3A1-AB974488BF24}.Release|x64.ActiveCfg = Release|Any CPU
		{BD357BA7-599A-442C-A3A1-AB974488BF24}.Release|x64.Build.0 = Release|Any CPU
		{BD357BA7-599A-442C-A3A1-AB974488BF24}.Release|x86.ActiveCfg = Release|Any CPU
		{BD357BA7-599A-442C-A3A1-AB974488BF24}.Release|x86.Build.0 = Release|Any CPU
		{1458277B-6BA8-4E75-B224-CDABFAAB110A}.Debug|Any CPU.ActiveCfg = Debug|Any CPU
		{1458277B-6BA8-4E75-B224-CDABFAAB110A}.Debug|Any CPU.Build.0 = Debug|Any CPU
		{1458277B-6BA8-4E75-B224-CDABFAAB110A}.Debug|x64.ActiveCfg = Debug|Any CPU
		{1458277B-6BA8-4E75-B224-CDABFAAB110A}.Debug|x64.Build.0 = Debug|Any CPU
		{1458277B-6BA8-4E75-B224-CDABFAAB110A}.Debug|x86.ActiveCfg = Debug|Any CPU
		{1458277B-6BA8-4E75-B224-CDABFAAB110A}.Debug|x86.Build.0 = Debug|Any CPU
		{1458277B-6BA8-4E75-B224-CDABFAAB110A}.Release|Any CPU.ActiveCfg = Release|Any CPU
		{1458277B-6BA8-4E75-B224-CDABFAAB110A}.Release|Any CPU.Build.0 = Release|Any CPU
		{1458277B-6BA8-4E75-B224-CDABFAAB110A}.Release|x64.ActiveCfg = Release|Any CPU
		{1458277B-6BA8-4E75-B224-CDABFAAB110A}.Release|x64.Build.0 = Release|Any CPU
		{1458277B-6BA8-4E75-B224-CDABFAAB110A}.Release|x86.ActiveCfg = Release|Any CPU
		{1458277B-6BA8-4E75-B224-CDABFAAB110A}.Release|x86.Build.0 = Release|Any CPU
	EndGlobalSection
	GlobalSection(SolutionProperties) = preSolution
		HideSolutionNode = FALSE
	EndGlobalSection
	GlobalSection(NestedProjects) = preSolution
		{1458277B-6BA8-4E75-B224-CDABFAAB110A} = {827E0CD3-B72D-47B6-A68D-7590B98EB39B}
	EndGlobalSection
	GlobalSection(ExtensibilityGlobals) = postSolution
		SolutionGuid = {065B0B39-38A2-4974-8936-44D8E09F3587}
	EndGlobalSection
EndGlobal
